
Microsoft Visual Studio Solution File, Format Version 12.00
# Visual Studio Version 17
VisualStudioVersion = 17.0.31903.59
MinimumVisualStudioVersion = 10.0.40219.1
Project("{2150E333-8FDC-42A3-9474-1A3956D46DE8}") = "src", "src", "{827E0CD3-B72D-47B6-A68D-7590B98EB39B}"
EndProject
Project("{FAE04EC0-301F-11D3-BF4B-00C04F79EFBC}") = "BackendTemplate.Domain", "src\BackendTemplate.Domain\BackendTemplate.Domain.csproj", "{C122667A-8E60-4F29-9506-E380A54A85C2}"
EndProject
Project("{FAE04EC0-301F-11D3-BF4B-00C04F79EFBC}") = "BackendTemplate.Application", "src\BackendTemplate.Application\BackendTemplate.Application.csproj", "{BABA1DF5-5477-445F-B13F-69C1477C776C}"
EndProject
Project("{FAE04EC0-301F-11D3-BF4B-00C04F79EFBC}") = "BackendTemplate.Infrastructure", "src\BackendTemplate.Infrastructure\BackendTemplate.Infrastructure.csproj", "{172A235F-6383-4924-A1B7-23336D62737F}"
EndProject
Project("{FAE04EC0-301F-11D3-BF4B-00C04F79EFBC}") = "BackendTemplate.API", "src\BackendTemplate.API\BackendTemplate.API.csproj", "{7D4F90BE-3887-456B-8790-351DDBC4F983}"
EndProject
Project("{FAE04EC0-301F-11D3-BF4B-00C04F79EFBC}") = "BackendTemplate.Shared", "src\BackendTemplate.Shared\BackendTemplate.Shared.csproj", "{C61A2923-0485-4C75-941D-C86AAF19179B}"
EndProject
Project("{2150E333-8FDC-42A3-9474-1A3956D46DE8}") = "tests", "tests", "{0AB3BF05-4346-4AA6-1389-037BE0695223}"
EndProject
Project("{FAE04EC0-301F-11D3-BF4B-00C04F79EFBC}") = "BackendTemplate.Tests", "tests\BackendTemplate.Tests\BackendTemplate.Tests.csproj", "{4915A95E-7048-4756-96FF-8681D1F80EE6}"
EndProject
Project("{2150E333-8FDC-42A3-9474-1A3956D46DE8}") = "aspire", "aspire", "{64880D93-BAB4-FF83-898C-B934B68C31A9}"
EndProject
Project("{FAE04EC0-301F-11D3-BF4B-00C04F79EFBC}") = "BackendTemplate.AppHost", "aspire\BackendTemplate.AppHost\BackendTemplate.AppHost.csproj", "{B1709F76-2946-4555-8E3D-DAC65F9886B6}"
EndProject
Project("{FAE04EC0-301F-11D3-BF4B-00C04F79EFBC}") = "BackendTemplate.ServiceDefaults", "aspire\BackendTemplate.ServiceDefaults\BackendTemplate.ServiceDefaults.csproj", "{6A74AED7-DA19-47ED-8B11-5281B22740EC}"
EndProject
Global
	GlobalSection(SolutionConfigurationPlatforms) = preSolution
		Debug|Any CPU = Debug|Any CPU
		Debug|x64 = Debug|x64
		Debug|x86 = Debug|x86
		Release|Any CPU = Release|Any CPU
		Release|x64 = Release|x64
		Release|x86 = Release|x86
	EndGlobalSection
	GlobalSection(ProjectConfigurationPlatforms) = postSolution
		{C122667A-8E60-4F29-9506-E380A54A85C2}.Debug|Any CPU.ActiveCfg = Debug|Any CPU
		{C122667A-8E60-4F29-9506-E380A54A85C2}.Debug|Any CPU.Build.0 = Debug|Any CPU
		{C122667A-8E60-4F29-9506-E380A54A85C2}.Debug|x64.ActiveCfg = Debug|Any CPU
		{C122667A-8E60-4F29-9506-E380A54A85C2}.Debug|x64.Build.0 = Debug|Any CPU
		{C122667A-8E60-4F29-9506-E380A54A85C2}.Debug|x86.ActiveCfg = Debug|Any CPU
		{C122667A-8E60-4F29-9506-E380A54A85C2}.Debug|x86.Build.0 = Debug|Any CPU
		{C122667A-8E60-4F29-9506-E380A54A85C2}.Release|Any CPU.ActiveCfg = Release|Any CPU
		{C122667A-8E60-4F29-9506-E380A54A85C2}.Release|Any CPU.Build.0 = Release|Any CPU
		{C122667A-8E60-4F29-9506-E380A54A85C2}.Release|x64.ActiveCfg = Release|Any CPU
		{C122667A-8E60-4F29-9506-E380A54A85C2}.Release|x64.Build.0 = Release|Any CPU
		{C122667A-8E60-4F29-9506-E380A54A85C2}.Release|x86.ActiveCfg = Release|Any CPU
		{C122667A-8E60-4F29-9506-E380A54A85C2}.Release|x86.Build.0 = Release|Any CPU
		{BABA1DF5-5477-445F-B13F-69C1477C776C}.Debug|Any CPU.ActiveCfg = Debug|Any CPU
		{BABA1DF5-5477-445F-B13F-69C1477C776C}.Debug|Any CPU.Build.0 = Debug|Any CPU
		{BABA1DF5-5477-445F-B13F-69C1477C776C}.Debug|x64.ActiveCfg = Debug|Any CPU
		{BABA1DF5-5477-445F-B13F-69C1477C776C}.Debug|x64.Build.0 = Debug|Any CPU
		{BABA1DF5-5477-445F-B13F-69C1477C776C}.Debug|x86.ActiveCfg = Debug|Any CPU
		{BABA1DF5-5477-445F-B13F-69C1477C776C}.Debug|x86.Build.0 = Debug|Any CPU
		{BABA1DF5-5477-445F-B13F-69C1477C776C}.Release|Any CPU.ActiveCfg = Release|Any CPU
		{BABA1DF5-5477-445F-B13F-69C1477C776C}.Release|Any CPU.Build.0 = Release|Any CPU
		{BABA1DF5-5477-445F-B13F-69C1477C776C}.Release|x64.ActiveCfg = Release|Any CPU
		{BABA1DF5-5477-445F-B13F-69C1477C776C}.Release|x64.Build.0 = Release|Any CPU
		{BABA1DF5-5477-445F-B13F-69C1477C776C}.Release|x86.ActiveCfg = Release|Any CPU
		{BABA1DF5-5477-445F-B13F-69C1477C776C}.Release|x86.Build.0 = Release|Any CPU
		{172A235F-6383-4924-A1B7-23336D62737F}.Debug|Any CPU.ActiveCfg = Debug|Any CPU
		{172A235F-6383-4924-A1B7-23336D62737F}.Debug|Any CPU.Build.0 = Debug|Any CPU
		{172A235F-6383-4924-A1B7-23336D62737F}.Debug|x64.ActiveCfg = Debug|Any CPU
		{172A235F-6383-4924-A1B7-23336D62737F}.Debug|x64.Build.0 = Debug|Any CPU
		{172A235F-6383-4924-A1B7-23336D62737F}.Debug|x86.ActiveCfg = Debug|Any CPU
		{172A235F-6383-4924-A1B7-23336D62737F}.Debug|x86.Build.0 = Debug|Any CPU
		{172A235F-6383-4924-A1B7-23336D62737F}.Release|Any CPU.ActiveCfg = Release|Any CPU
		{172A235F-6383-4924-A1B7-23336D62737F}.Release|Any CPU.Build.0 = Release|Any CPU
		{172A235F-6383-4924-A1B7-23336D62737F}.Release|x64.ActiveCfg = Release|Any CPU
		{172A235F-6383-4924-A1B7-23336D62737F}.Release|x64.Build.0 = Release|Any CPU
		{172A235F-6383-4924-A1B7-23336D62737F}.Release|x86.ActiveCfg = Release|Any CPU
		{172A235F-6383-4924-A1B7-23336D62737F}.Release|x86.Build.0 = Release|Any CPU
		{7D4F90BE-3887-456B-8790-351DDBC4F983}.Debug|Any CPU.ActiveCfg = Debug|Any CPU
		{7D4F90BE-3887-456B-8790-351DDBC4F983}.Debug|Any CPU.Build.0 = Debug|Any CPU
		{7D4F90BE-3887-456B-8790-351DDBC4F983}.Debug|x64.ActiveCfg = Debug|Any CPU
		{7D4F90BE-3887-456B-8790-351DDBC4F983}.Debug|x64.Build.0 = Debug|Any CPU
		{7D4F90BE-3887-456B-8790-351DDBC4F983}.Debug|x86.ActiveCfg = Debug|Any CPU
		{7D4F90BE-3887-456B-8790-351DDBC4F983}.Debug|x86.Build.0 = Debug|Any CPU
		{7D4F90BE-3887-456B-8790-351DDBC4F983}.Release|Any CPU.ActiveCfg = Release|Any CPU
		{7D4F90BE-3887-456B-8790-351DDBC4F983}.Release|Any CPU.Build.0 = Release|Any CPU
		{7D4F90BE-3887-456B-8790-351DDBC4F983}.Release|x64.ActiveCfg = Release|Any CPU
		{7D4F90BE-3887-456B-8790-351DDBC4F983}.Release|x64.Build.0 = Release|Any CPU
		{7D4F90BE-3887-456B-8790-351DDBC4F983}.Release|x86.ActiveCfg = Release|Any CPU
		{7D4F90BE-3887-456B-8790-351DDBC4F983}.Release|x86.Build.0 = Release|Any CPU
		{C61A2923-0485-4C75-941D-C86AAF19179B}.Debug|Any CPU.ActiveCfg = Debug|Any CPU
		{C61A2923-0485-4C75-941D-C86AAF19179B}.Debug|Any CPU.Build.0 = Debug|Any CPU
		{C61A2923-0485-4C75-941D-C86AAF19179B}.Debug|x64.ActiveCfg = Debug|Any CPU
		{C61A2923-0485-4C75-941D-C86AAF19179B}.Debug|x64.Build.0 = Debug|Any CPU
		{C61A2923-0485-4C75-941D-C86AAF19179B}.Debug|x86.ActiveCfg = Debug|Any CPU
		{C61A2923-0485-4C75-941D-C86AAF19179B}.Debug|x86.Build.0 = Debug|Any CPU
		{C61A2923-0485-4C75-941D-C86AAF19179B}.Release|Any CPU.ActiveCfg = Release|Any CPU
		{C61A2923-0485-4C75-941D-C86AAF19179B}.Release|Any CPU.Build.0 = Release|Any CPU
		{C61A2923-0485-4C75-941D-C86AAF19179B}.Release|x64.ActiveCfg = Release|Any CPU
		{C61A2923-0485-4C75-941D-C86AAF19179B}.Release|x64.Build.0 = Release|Any CPU
		{C61A2923-0485-4C75-941D-C86AAF19179B}.Release|x86.ActiveCfg = Release|Any CPU
		{C61A2923-0485-4C75-941D-C86AAF19179B}.Release|x86.Build.0 = Release|Any CPU
		{4915A95E-7048-4756-96FF-8681D1F80EE6}.Debug|Any CPU.ActiveCfg = Debug|Any CPU
		{4915A95E-7048-4756-96FF-8681D1F80EE6}.Debug|Any CPU.Build.0 = Debug|Any CPU
		{4915A95E-7048-4756-96FF-8681D1F80EE6}.Debug|x64.ActiveCfg = Debug|Any CPU
		{4915A95E-7048-4756-96FF-8681D1F80EE6}.Debug|x64.Build.0 = Debug|Any CPU
		{4915A95E-7048-4756-96FF-8681D1F80EE6}.Debug|x86.ActiveCfg = Debug|Any CPU
		{4915A95E-7048-4756-96FF-8681D1F80EE6}.Debug|x86.Build.0 = Debug|Any CPU
		{4915A95E-7048-4756-96FF-8681D1F80EE6}.Release|Any CPU.ActiveCfg = Release|Any CPU
		{4915A95E-7048-4756-96FF-8681D1F80EE6}.Release|Any CPU.Build.0 = Release|Any CPU
		{4915A95E-7048-4756-96FF-8681D1F80EE6}.Release|x64.ActiveCfg = Release|Any CPU
		{4915A95E-7048-4756-96FF-8681D1F80EE6}.Release|x64.Build.0 = Release|Any CPU
		{4915A95E-7048-4756-96FF-8681D1F80EE6}.Release|x86.ActiveCfg = Release|Any CPU
		{4915A95E-7048-4756-96FF-8681D1F80EE6}.Release|x86.Build.0 = Release|Any CPU
		{B1709F76-2946-4555-8E3D-DAC65F9886B6}.Debug|Any CPU.ActiveCfg = Debug|Any CPU
		{B1709F76-2946-4555-8E3D-DAC65F9886B6}.Debug|Any CPU.Build.0 = Debug|Any CPU
		{B1709F76-2946-4555-8E3D-DAC65F9886B6}.Debug|x64.ActiveCfg = Debug|Any CPU
		{B1709F76-2946-4555-8E3D-DAC65F9886B6}.Debug|x64.Build.0 = Debug|Any CPU
		{B1709F76-2946-4555-8E3D-DAC65F9886B6}.Debug|x86.ActiveCfg = Debug|Any CPU
		{B1709F76-2946-4555-8E3D-DAC65F9886B6}.Debug|x86.Build.0 = Debug|Any CPU
		{B1709F76-2946-4555-8E3D-DAC65F9886B6}.Release|Any CPU.ActiveCfg = Release|Any CPU
		{B1709F76-2946-4555-8E3D-DAC65F9886B6}.Release|Any CPU.Build.0 = Release|Any CPU
		{B1709F76-2946-4555-8E3D-DAC65F9886B6}.Release|x64.ActiveCfg = Release|Any CPU
		{B1709F76-2946-4555-8E3D-DAC65F9886B6}.Release|x64.Build.0 = Release|Any CPU
		{B1709F76-2946-4555-8E3D-DAC65F9886B6}.Release|x86.ActiveCfg = Release|Any CPU
		{B1709F76-2946-4555-8E3D-DAC65F9886B6}.Release|x86.Build.0 = Release|Any CPU
		{6A74AED7-DA19-47ED-8B11-5281B22740EC}.Debug|Any CPU.ActiveCfg = Debug|Any CPU
		{6A74AED7-DA19-47ED-8B11-5281B22740EC}.Debug|Any CPU.Build.0 = Debug|Any CPU
		{6A74AED7-DA19-47ED-8B11-5281B22740EC}.Debug|x64.ActiveCfg = Debug|Any CPU
		{6A74AED7-DA19-47ED-8B11-5281B22740EC}.Debug|x64.Build.0 = Debug|Any CPU
		{6A74AED7-DA19-47ED-8B11-5281B22740EC}.Debug|x86.ActiveCfg = Debug|Any CPU
		{6A74AED7-DA19-47ED-8B11-5281B22740EC}.Debug|x86.Build.0 = Debug|Any CPU
		{6A74AED7-DA19-47ED-8B11-5281B22740EC}.Release|Any CPU.ActiveCfg = Release|Any CPU
		{6A74AED7-DA19-47ED-8B11-5281B22740EC}.Release|Any CPU.Build.0 = Release|Any CPU
		{6A74AED7-DA19-47ED-8B11-5281B22740EC}.Release|x64.ActiveCfg = Release|Any CPU
		{6A74AED7-DA19-47ED-8B11-5281B22740EC}.Release|x64.Build.0 = Release|Any CPU
		{6A74AED7-DA19-47ED-8B11-5281B22740EC}.Release|x86.ActiveCfg = Release|Any CPU
		{6A74AED7-DA19-47ED-8B11-5281B22740EC}.Release|x86.Build.0 = Release|Any CPU
	EndGlobalSection
	GlobalSection(SolutionProperties) = preSolution
		HideSolutionNode = FALSE
	EndGlobalSection
	GlobalSection(NestedProjects) = preSolution
		{C122667A-8E60-4F29-9506-E380A54A85C2} = {827E0CD3-B72D-47B6-A68D-7590B98EB39B}
		{BABA1DF5-5477-445F-B13F-69C1477C776C} = {827E0CD3-B72D-47B6-A68D-7590B98EB39B}
		{172A235F-6383-4924-A1B7-23336D62737F} = {827E0CD3-B72D-47B6-A68D-7590B98EB39B}
		{7D4F90BE-3887-456B-8790-351DDBC4F983} = {827E0CD3-B72D-47B6-A68D-7590B98EB39B}
		{C61A2923-0485-4C75-941D-C86AAF19179B} = {827E0CD3-B72D-47B6-A68D-7590B98EB39B}
		{4915A95E-7048-4756-96FF-8681D1F80EE6} = {0AB3BF05-4346-4AA6-1389-037BE0695223}
		{B1709F76-2946-4555-8E3D-DAC65F9886B6} = {64880D93-BAB4-FF83-898C-B934B68C31A9}
		{6A74AED7-DA19-47ED-8B11-5281B22740EC} = {64880D93-BAB4-FF83-898C-B934B68C31A9}
	EndGlobalSection
EndGlobal
